
Microsoft Visual Studio Solution File, Format Version 12.00
# Visual Studio 15
VisualStudioVersion = 15.0.27703.2026
MinimumVisualStudioVersion = 10.0.40219.1
Project("{FAE04EC0-301F-11D3-BF4B-00C04F79EFBC}") = "AMSharp", "AMSharp\AMSharp.csproj", "{8B397114-974F-434B-A606-AB28871669BD}"
EndProject
Global
	GlobalSection(SolutionConfigurationPlatforms) = preSolution
		Debug|Any CPU = Debug|Any CPU
		Release|Any CPU = Release|Any CPU
	EndGlobalSection
	GlobalSection(ProjectConfigurationPlatforms) = postSolution
		{8B397114-974F-434B-A606-AB28871669BD}.Debug|Any CPU.ActiveCfg = Debug|Any CPU
		{8B397114-974F-434B-A606-AB28871669BD}.Debug|Any CPU.Build.0 = Debug|Any CPU
		{8B397114-974F-434B-A606-AB28871669BD}.Release|Any CPU.ActiveCfg = Release|Any CPU
		{8B397114-974F-434B-A606-AB28871669BD}.Release|Any CPU.Build.0 = Release|Any CPU
	EndGlobalSection
	GlobalSection(SolutionProperties) = preSolution
		HideSolutionNode = FALSE
	EndGlobalSection
	GlobalSection(ExtensibilityGlobals) = postSolution
		SolutionGuid = {DD60F69D-CFD3-41F3-B916-DFDE8FE8BEB9}
	EndGlobalSection
EndGlobal
